Microsoft Visual Studio Solution File, Format Version 12.00
# Visual Studio Version 17
VisualStudioVersion = 17.5.2.0
MinimumVisualStudioVersion = 10.0.40219.1
Project("{FAE04EC0-301F-11D3-BF4B-00C04F79EFBC}") = "Server.Test", "Server.Test.csproj", "{58399997-CE45-7F39-75A7-5DC8CE82FE7E}"
EndProject
Global
	GlobalSection(SolutionConfigurationPlatforms) = preSolution
		Debug|Any CPU = Debug|Any CPU
		Release|Any CPU = Release|Any CPU
	EndGlobalSection
	GlobalSection(ProjectConfigurationPlatforms) = postSolution
		{58399997-CE45-7F39-75A7-5DC8CE82FE7E}.Debug|Any CPU.ActiveCfg = Debug|Any CPU
		{58399997-CE45-7F39-75A7-5DC8CE82FE7E}.Debug|Any CPU.Build.0 = Debug|Any CPU
		{58399997-CE45-7F39-75A7-5DC8CE82FE7E}.Release|Any CPU.ActiveCfg = Release|Any CPU
		{58399997-CE45-7F39-75A7-5DC8CE82FE7E}.Release|Any CPU.Build.0 = Release|Any CPU
	EndGlobalSection
	GlobalSection(SolutionProperties) = preSolution
		HideSolutionNode = FALSE
	EndGlobalSection
	GlobalSection(ExtensibilityGlobals) = postSolution
		SolutionGuid = {A4B062DB-0DCC-4672-B6D7-528E678DA591}
	EndGlobalSection
EndGlobal
